
Microsoft Visual Studio Solution File, Format Version 12.00
# Visual Studio Version 17
VisualStudioVersion = 17.7.34202.233
MinimumVisualStudioVersion = 10.0.40219.1
Project("{FAE04EC0-301F-11D3-BF4B-00C04F79EFBC}") = "LR2", "LR2\LR2.csproj", "{AE06D5B6-CC01-444D-B600-70D5A9CBD754}"
EndProject
Global
	GlobalSection(SolutionConfigurationPlatforms) = preSolution
		Debug|Any CPU = Debug|Any CPU
		Release|Any CPU = Release|Any CPU
	EndGlobalSection
	GlobalSection(ProjectConfigurationPlatforms) = postSolution
		{AE06D5B6-CC01-444D-B600-70D5A9CBD754}.Debug|Any CPU.ActiveCfg = Debug|Any CPU
		{AE06D5B6-CC01-444D-B600-70D5A9CBD754}.Debug|Any CPU.Build.0 = Debug|Any CPU
		{AE06D5B6-CC01-444D-B600-70D5A9CBD754}.Release|Any CPU.ActiveCfg = Release|Any CPU
		{AE06D5B6-CC01-444D-B600-70D5A9CBD754}.Release|Any CPU.Build.0 = Release|Any CPU
	EndGlobalSection
	GlobalSection(SolutionProperties) = preSolution
		HideSolutionNode = FALSE
	EndGlobalSection
	GlobalSection(ExtensibilityGlobals) = postSolution
		SolutionGuid = {920F7991-09A4-434C-B7EA-3A7C3550E732}
	EndGlobalSection
EndGlobal
